
Microsoft Visual Studio Solution File, Format Version 12.00
# Visual Studio 2013
VisualStudioVersion = 12.0.31101.0
MinimumVisualStudioVersion = 10.0.40219.1
Project("{FAE04EC0-301F-11D3-BF4B-00C04F79EFBC}") = "ShopManagment", "ShopManagment\ShopManagment.csproj", "{55EC9A72-39E3-4325-8FEE-2531391D6BA6}"
EndProject
Project("{FAE04EC0-301F-11D3-BF4B-00C04F79EFBC}") = "ShopManagment.Data", "ShopManagment.Data\ShopManagment.Data.csproj", "{A6D8A2BE-6707-40C8-BEFB-EA988D15CF1D}"
EndProject
Project("{FAE04EC0-301F-11D3-BF4B-00C04F79EFBC}") = "ShopManagment.DataAccess", "ShopManagment.DataAccess\ShopManagment.DataAccess.csproj", "{B87E4E81-CCF1-49D2-87F0-7358F1E92326}"
EndProject
Global
	GlobalSection(SolutionConfigurationPlatforms) = preSolution
		Debug|Any CPU = Debug|Any CPU
		Release|Any CPU = Release|Any CPU
	EndGlobalSection
	GlobalSection(ProjectConfigurationPlatforms) = postSolution
		{55EC9A72-39E3-4325-8FEE-2531391D6BA6}.Debug|Any CPU.ActiveCfg = Debug|Any CPU
		{55EC9A72-39E3-4325-8FEE-2531391D6BA6}.Debug|Any CPU.Build.0 = Debug|Any CPU
		{55EC9A72-39E3-4325-8FEE-2531391D6BA6}.Release|Any CPU.ActiveCfg = Release|Any CPU
		{55EC9A72-39E3-4325-8FEE-2531391D6BA6}.Release|Any CPU.Build.0 = Release|Any CPU
		{A6D8A2BE-6707-40C8-BEFB-EA988D15CF1D}.Debug|Any CPU.ActiveCfg = Debug|Any CPU
		{A6D8A2BE-6707-40C8-BEFB-EA988D15CF1D}.Debug|Any CPU.Build.0 = Debug|Any CPU
		{A6D8A2BE-6707-40C8-BEFB-EA988D15CF1D}.Release|Any CPU.ActiveCfg = Release|Any CPU
		{A6D8A2BE-6707-40C8-BEFB-EA988D15CF1D}.Release|Any CPU.Build.0 = Release|Any CPU
		{B87E4E81-CCF1-49D2-87F0-7358F1E92326}.Debug|Any CPU.ActiveCfg = Debug|Any CPU
		{B87E4E81-CCF1-49D2-87F0-7358F1E92326}.Debug|Any CPU.Build.0 = Debug|Any CPU
		{B87E4E81-CCF1-49D2-87F0-7358F1E92326}.Release|Any CPU.ActiveCfg = Release|Any CPU
		{B87E4E81-CCF1-49D2-87F0-7358F1E92326}.Release|Any CPU.Build.0 = Release|Any CPU
	EndGlobalSection
	GlobalSection(SolutionProperties) = preSolution
		HideSolutionNode = FALSE
	EndGlobalSection
EndGlobal
